
Microsoft Visual Studio Solution File, Format Version 12.00
# Visual Studio Version 16
VisualStudioVersion = 16.0.32002.261
MinimumVisualStudioVersion = 10.0.40219.1
Project("{159641D6-6404-4A2A-AE62-294DE0FE8301}") = "TP2-TP3", "TP1-test\TP2-TP3.dtproj", "{9D8AB9AD-AF6E-432E-B559-51D6C6D7FCF2}"
EndProject
Project("{159641D6-6404-4A2A-AE62-294DE0FE8301}") = "TP4", "..\TP4\TP4.dtproj", "{6155D91B-E9DF-4F18-A98B-A93935D086EA}"
EndProject
Project("{159641D6-6404-4A2A-AE62-294DE0FE8301}") = "TP6", "..\TP6\Integration Services Project1\TP6.dtproj", "{D42945B6-B369-4E89-BDBE-F0FD3B3B1C4B}"
EndProject
Global
	GlobalSection(SolutionConfigurationPlatforms) = preSolution
		Development|Default = Development|Default
	EndGlobalSection
	GlobalSection(ProjectConfigurationPlatforms) = postSolution
		{9D8AB9AD-AF6E-432E-B559-51D6C6D7FCF2}.Development|Default.ActiveCfg = Development
		{9D8AB9AD-AF6E-432E-B559-51D6C6D7FCF2}.Development|Default.Build.0 = Development
		{6155D91B-E9DF-4F18-A98B-A93935D086EA}.Development|Default.ActiveCfg = Development
		{6155D91B-E9DF-4F18-A98B-A93935D086EA}.Development|Default.Build.0 = Development
		{D42945B6-B369-4E89-BDBE-F0FD3B3B1C4B}.Development|Default.ActiveCfg = Development
		{D42945B6-B369-4E89-BDBE-F0FD3B3B1C4B}.Development|Default.Build.0 = Development
	EndGlobalSection
	GlobalSection(SolutionProperties) = preSolution
		HideSolutionNode = FALSE
	EndGlobalSection
	GlobalSection(ExtensibilityGlobals) = postSolution
		SolutionGuid = {508C4678-6DC2-425B-BBDA-6A670A4A0D36}
	EndGlobalSection
EndGlobal
